# This file is @generated by PDM.
# It is not intended for manual editing.

[metadata]
groups = ["default"]
strategy = ["inherit_metadata"]
lock_version = "4.5.0"
content_hash = "sha256:eabb646dc2e6fcd42458ddc7216e531c5985b0f0c582c0957497df28c0da84dd"

[[metadata.targets]]
requires_python = ">=3.10"

[[package]]
name = "check-os-ver"
version = "0.2.1"
requires_python = ">=3.10"
summary = "Default template for PDM package"
groups = ["default"]
files = [
    {file = "check_os_ver-0.2.1-py3-none-any.whl", hash = "sha256:16611c9ca27ea8ddc89ce87ccbbf3d25bbf114856cf6c5be4bb936c99914090e"},
    {file = "check_os_ver-0.2.1.tar.gz", hash = "sha256:f99d0889432a520b26f3bd51f43077304505071edf42f38c63fbcaf2d4f41ad2"},
]

[[package]]
name = "hj-check-os-version"
version = "0.2.0"
requires_python = ">=3.10"
summary = "Default template for PDM package"
groups = ["default"]
files = [
    {file = "hj_check_os_version-0.2.0-py3-none-any.whl", hash = "sha256:3162cae4d9db1ed8a13756f11db7cbac037d8bd845347040c0c2790b9a3d92a9"},
    {file = "hj_check_os_version-0.2.0.tar.gz", hash = "sha256:800e8b00104880caab84c893c01227ecf0cdc4435f7bd271de3787ce95d0be51"},
]

[[package]]
name = "jacob-os-version-check"
version = "0.2.4"
requires_python = ">=3.10"
summary = "Detects and outputs the os vesion."
groups = ["default"]
files = [
    {file = "jacob_os_version_check-0.2.4-py3-none-any.whl", hash = "sha256:96d7235254a48f6370133c9d519b5211beaf854463bfe63f30b27c44e76cf57a"},
    {file = "jacob_os_version_check-0.2.4.tar.gz", hash = "sha256:cb94a39ac773beac47d53e0def89ac21ff67595df2af3160b04f19b0f2828d85"},
]

[[package]]
name = "lucas-check-os-ver"
version = "0.2.0"
requires_python = ">=3.10"
summary = "Default template for PDM package"
groups = ["default"]
files = [
    {file = "lucas_check_os_ver-0.2.0-py3-none-any.whl", hash = "sha256:e2ac1909f8f877fca695bebe41f97daed231775f25942f484fdfd0d9eb378d74"},
    {file = "lucas_check_os_ver-0.2.0.tar.gz", hash = "sha256:fafee2978301ba6e4888bf976128e90c2d643e48482f607a516da8ddc8fdb7c2"},
]

[[package]]
name = "nunininu-check-os-ver"
version = "0.2.0"
requires_python = ">=3.10"
summary = "Default template for PDM package"
groups = ["default"]
files = [
    {file = "nunininu_check_os_ver-0.2.0-py3-none-any.whl", hash = "sha256:6444300975a396e2b32c14802ccc4ca5da77d552a5c0371bfe30813995300c8e"},
    {file = "nunininu_check_os_ver-0.2.0.tar.gz", hash = "sha256:d21e478211c29fdbd66a3fc7d642521f5a480d8093d3d5596b4838fd2c5b3fe8"},
]

[[package]]
name = "seo-check-os-version"
version = "0.2.0"
requires_python = ">=3.10"
summary = "Default template for PDM package"
groups = ["default"]
files = [
    {file = "seo_check_os_version-0.2.0-py3-none-any.whl", hash = "sha256:10b7725639ad9bf47078eb2436d51bdf1932b26d8a6e092094d892424a85f3a9"},
    {file = "seo_check_os_version-0.2.0.tar.gz", hash = "sha256:db9b38c7278db27af08078a6059e67cfc22063001391ed337b38e62eb0d7fe9f"},
]

[[package]]
name = "stundrg-check-os-ver"
version = "0.2.3"
requires_python = ">=3.10"
summary = "Utility that checks the name and version of the operating system."
groups = ["default"]
files = [
    {file = "stundrg_check_os_ver-0.2.3-py3-none-any.whl", hash = "sha256:35736bd2c8c23f944f41adaa7ffdf9a4497978bd68fc4ae039500c0601606845"},
    {file = "stundrg_check_os_ver-0.2.3.tar.gz", hash = "sha256:7dc6cc7439017e2526219bd5132710fffc0b1c3fadaec91fde9fb30bcea6707b"},
]
